
Microsoft Visual Studio Solution File, Format Version 12.00
# Visual Studio Version 16
VisualStudioVersion = 16.0.30413.136
MinimumVisualStudioVersion = 10.0.40219.1
Project("{FAE04EC0-301F-11D3-BF4B-00C04F79EFBC}") = "DecompressString", "DescompressString\DecompressString.csproj", "{B8A1FB72-40BE-41B7-A204-0DF08B6F8327}"
EndProject
Global
	GlobalSection(SolutionConfigurationPlatforms) = preSolution
		Debug|Any CPU = Debug|Any CPU
		Release|Any CPU = Release|Any CPU
	EndGlobalSection
	GlobalSection(ProjectConfigurationPlatforms) = postSolution
		{B8A1FB72-40BE-41B7-A204-0DF08B6F8327}.Debug|Any CPU.ActiveCfg = Debug|Any CPU
		{B8A1FB72-40BE-41B7-A204-0DF08B6F8327}.Debug|Any CPU.Build.0 = Debug|Any CPU
		{B8A1FB72-40BE-41B7-A204-0DF08B6F8327}.Release|Any CPU.ActiveCfg = Release|Any CPU
		{B8A1FB72-40BE-41B7-A204-0DF08B6F8327}.Release|Any CPU.Build.0 = Release|Any CPU
	EndGlobalSection
	GlobalSection(SolutionProperties) = preSolution
		HideSolutionNode = FALSE
	EndGlobalSection
	GlobalSection(ExtensibilityGlobals) = postSolution
		SolutionGuid = {7A3B896A-4583-447F-A02C-A88390A7EC4A}
	EndGlobalSection
EndGlobal
